// !$*UTF8*$!
{
	archiveVersion = 1;
	classes = {
	};
	objectVersion = 46;
	objects = {

/* Begin PBXBuildFile section */
		5C3BE1FE1625F1750088A23B /* UIKit.framework in Frameworks */ = {isa = PBXBuildFile; fileRef = 5C3BE1FD1625F1750088A23B /* UIKit.framework */; };
		5C3BE2001625F1750088A23B /* Foundation.framework in Frameworks */ = {isa = PBXBuildFile; fileRef = 5C3BE1FF1625F1750088A23B /* Foundation.framework */; };
		5C3BE2021625F1750088A23B /* CoreGraphics.framework in Frameworks */ = {isa = PBXBuildFile; fileRef = 5C3BE2011625F1750088A23B /* CoreGraphics.framework */; };
		5C3BE2081625F1760088A23B /* InfoPlist.strings in Resources */ = {isa = PBXBuildFile; fileRef = 5C3BE2061625F1760088A23B /* InfoPlist.strings */; };
		5C3BE20A1625F1760088A23B /* main.m in Sources */ = {isa = PBXBuildFile; fileRef = 5C3BE2091625F1760088A23B /* main.m */; };
		5C3BE20E1625F1760088A23B /* AppDelegate.m in Sources */ = {isa = PBXBuildFile; fileRef = 5C3BE20D1625F1760088A23B /* AppDelegate.m */; };
		5C3BE2101625F1760088A23B /* Default.png in Resources */ = {isa = PBXBuildFile; fileRef = 5C3BE20F1625F1760088A23B /* Default.png */; };
		5C3BE2121625F1760088A23B /* Default@2x.png in Resources */ = {isa = PBXBuildFile; fileRef = 5C3BE2111625F1760088A23B /* Default@2x.png */; };
		5C3BE2141625F1760088A23B /* Default-568h@2x.png in Resources */ = {isa = PBXBuildFile; fileRef = 5C3BE2131625F1760088A23B /* Default-568h@2x.png */; };
		5C3BE21C1625F1970088A23B /* PickerViewController.m in Sources */ = {isa = PBXBuildFile; fileRef = 5C3BE21B1625F1970088A23B /* PickerViewController.m */; };
		5C3BE21F1625F8F20088A23B /* countries.plist in Resources */ = {isa = PBXBuildFile; fileRef = 5C3BE21E1625F8F20088A23B /* countries.plist */; };
		5C6500D91626006200A3C365 /* Country.m in Sources */ = {isa = PBXBuildFile; fileRef = 5C6500D81626006200A3C365 /* Country.m */; };
/* End PBXBuildFile section */

/* Begin PBXFileReference section */
		5C3BE1F91625F1750088A23B /* pickerdemo.app */ = {isa = PBXFileReference; explicitFileType = wrapper.application; includeInIndex = 0; path = pickerdemo.app; sourceTree = BUILT_PRODUCTS_DIR; };
		5C3BE1FD1625F1750088A23B /* UIKit.framework */ = {isa = PBXFileReference; lastKnownFileType = wrapper.framework; name = UIKit.framework; path = System/Library/Frameworks/UIKit.framework; sourceTree = SDKROOT; };
		5C3BE1FF1625F1750088A23B /* Foundation.framework */ = {isa = PBXFileReference; lastKnownFileType = wrapper.framework; name = Foundation.framework; path = System/Library/Frameworks/Foundation.framework; sourceTree = SDKROOT; };
		5C3BE2011625F1750088A23B /* CoreGraphics.framework */ = {isa = PBXFileReference; lastKnownFileType = wrapper.framework; name = CoreGraphics.framework; path = System/Library/Frameworks/CoreGraphics.framework; sourceTree = SDKROOT; };
		5C3BE2051625F1760088A23B /* pickerdemo-Info.plist */ = {isa = PBXFileReference; lastKnownFileType = text.plist.xml; path = "pickerdemo-Info.plist"; sourceTree = "<group>"; };
		5C3BE2071625F1760088A23B /* en */ = {isa = PBXFileReference; lastKnownFileType = text.plist.strings; name = en; path = en.lproj/InfoPlist.strings; sourceTree = "<group>"; };
		5C3BE2091625F1760088A23B /* main.m */ = {isa = PBXFileReference; lastKnownFileType = sourcecode.c.objc; path = main.m; sourceTree = "<group>"; };
		5C3BE20B1625F1760088A23B /* pickerdemo-Prefix.pch */ = {isa = PBXFileReference; lastKnownFileType = sourcecode.c.h; path = "pickerdemo-Prefix.pch"; sourceTree = "<group>"; };
		5C3BE20C1625F1760088A23B /* AppDelegate.h */ = {isa = PBXFileReference; lastKnownFileType = sourcecode.c.h; path = AppDelegate.h; sourceTree = "<group>"; };
		5C3BE20D1625F1760088A23B /* AppDelegate.m */ = {isa = PBXFileReference; lastKnownFileType = sourcecode.c.objc; path = AppDelegate.m; sourceTree = "<group>"; };
		5C3BE20F1625F1760088A23B /* Default.png */ = {isa = PBXFileReference; lastKnownFileType = image.png; path = Default.png; sourceTree = "<group>"; };
		5C3BE2111625F1760088A23B /* Default@2x.png */ = {isa = PBXFileReference; lastKnownFileType = image.png; path = "Default@2x.png"; sourceTree = "<group>"; };
		5C3BE2131625F1760088A23B /* Default-568h@2x.png */ = {isa = PBXFileReference; lastKnownFileType = image.png; path = "Default-568h@2x.png"; sourceTree = "<group>"; };
		5C3BE21A1625F1970088A23B /* PickerViewController.h */ = {isa = PBXFileReference; fileEncoding = 4; lastKnownFileType = sourcecode.c.h; path = PickerViewController.h; sourceTree = "<group>"; };
		5C3BE21B1625F1970088A23B /* PickerViewController.m */ = {isa = PBXFileReference; fileEncoding = 4; lastKnownFileType = sourcecode.c.objc; path = PickerViewController.m; sourceTree = "<group>"; };
		5C3BE21E1625F8F20088A23B /* countries.plist */ = {isa = PBXFileReference; fileEncoding = 4; lastKnownFileType = text.plist.xml; path = countries.plist; sourceTree = "<group>"; };
		5C6500D71626006200A3C365 /* Country.h */ = {isa = PBXFileReference; fileEncoding = 4; lastKnownFileType = sourcecode.c.h; path = Country.h; sourceTree = "<group>"; };
		5C6500D81626006200A3C365 /* Country.m */ = {isa = PBXFileReference; fileEncoding = 4; lastKnownFileType = sourcecode.c.objc; path = Country.m; sourceTree = "<group>"; };
/* End PBXFileReference section */

/* Begin PBXFrameworksBuildPhase section */
		5C3BE1F61625F1750088A23B /* Frameworks */ = {
			isa = PBXFrameworksBuildPhase;
			buildActionMask = 2147483647;
			files = (
				5C3BE1FE1625F1750088A23B /* UIKit.framework in Frameworks */,
				5C3BE2001625F1750088A23B /* Foundation.framework in Frameworks */,
				5C3BE2021625F1750088A23B /* CoreGraphics.framework in Frameworks */,
			);
			runOnlyForDeploymentPostprocessing = 0;
		};
/* End PBXFrameworksBuildPhase section */

/* Begin PBXGroup section */
		5C3BE1EE1625F1750088A23B = {
			isa = PBXGroup;
			children = (
				5C3BE2031625F1750088A23B /* pickerdemo */,
				5C3BE1FC1625F1750088A23B /* Frameworks */,
				5C3BE1FA1625F1750088A23B /* Products */,
			);
			sourceTree = "<group>";
		};
		5C3BE1FA1625F1750088A23B /* Products */ = {
			isa = PBXGroup;
			children = (
				5C3BE1F91625F1750088A23B /* pickerdemo.app */,
			);
			name = Products;
			sourceTree = "<group>";
		};
		5C3BE1FC1625F1750088A23B /* Frameworks */ = {
			isa = PBXGroup;
			children = (
				5C3BE1FD1625F1750088A23B /* UIKit.framework */,
				5C3BE1FF1625F1750088A23B /* Foundation.framework */,
				5C3BE2011625F1750088A23B /* CoreGraphics.framework */,
			);
			name = Frameworks;
			sourceTree = "<group>";
		};
		5C3BE2031625F1750088A23B /* pickerdemo */ = {
			isa = PBXGroup;
			children = (
				5C3BE21D1625F8F20088A23B /* Resources */,
				5C3BE20C1625F1760088A23B /* AppDelegate.h */,
				5C3BE20D1625F1760088A23B /* AppDelegate.m */,
				5C3BE21A1625F1970088A23B /* PickerViewController.h */,
				5C3BE21B1625F1970088A23B /* PickerViewController.m */,
				5C6500D71626006200A3C365 /* Country.h */,
				5C6500D81626006200A3C365 /* Country.m */,
				5C3BE2041625F1760088A23B /* Supporting Files */,
			);
			path = pickerdemo;
			sourceTree = "<group>";
		};
		5C3BE2041625F1760088A23B /* Supporting Files */ = {
			isa = PBXGroup;
			children = (
				5C3BE2051625F1760088A23B /* pickerdemo-Info.plist */,
				5C3BE2061625F1760088A23B /* InfoPlist.strings */,
				5C3BE2091625F1760088A23B /* main.m */,
				5C3BE20B1625F1760088A23B /* pickerdemo-Prefix.pch */,
				5C3BE20F1625F1760088A23B /* Default.png */,
				5C3BE2111625F1760088A23B /* Default@2x.png */,
				5C3BE2131625F1760088A23B /* Default-568h@2x.png */,
			);
			name = "Supporting Files";
			sourceTree = "<group>";
		};
		5C3BE21D1625F8F20088A23B /* Resources */ = {
			isa = PBXGroup;
			children = (
				5C3BE21E1625F8F20088A23B /* countries.plist */,
			);
			path = Resources;
			sourceTree = "<group>";
		};
/* End PBXGroup section */

/* Begin PBXNativeTarget section */
		5C3BE1F81625F1750088A23B /* pickerdemo */ = {
			isa = PBXNativeTarget;
			buildConfigurationList = 5C3BE2171625F1760088A23B /* Build configuration list for PBXNativeTarget "pickerdemo" */;
			buildPhases = (
				5C3BE1F51625F1750088A23B /* Sources */,
				5C3BE1F61625F1750088A23B /* Frameworks */,
				5C3BE1F71625F1750088A23B /* Resources */,
			);
			buildRules = (
			);
			dependencies = (
			);
			name = pickerdemo;
			productName = pickerdemo;
			productReference = 5C3BE1F91625F1750088A23B /* pickerdemo.app */;
			productType = "com.apple.product-type.application";
		};
/* End PBXNativeTarget section */

/* Begin PBXProject section */
		5C3BE1F01625F1750088A23B /* Project object */ = {
			isa = PBXProject;
			attributes = {
				LastUpgradeCheck = 0450;
				ORGANIZATIONNAME = com.thegridmedia;
			};
			buildConfigurationList = 5C3BE1F31625F1750088A23B /* Build configuration list for PBXProject "pickerdemo" */;
			compatibilityVersion = "Xcode 3.2";
			developmentRegion = English;
			hasScannedForEncodings = 0;
			knownRegions = (
				en,
			);
			mainGroup = 5C3BE1EE1625F1750088A23B;
			productRefGroup = 5C3BE1FA1625F1750088A23B /* Products */;
			projectDirPath = "";
			projectRoot = "";
			targets = (
				5C3BE1F81625F1750088A23B /* pickerdemo */,
			);
		};
/* End PBXProject section */

/* Begin PBXResourcesBuildPhase section */
		5C3BE1F71625F1750088A23B /* Resources */ = {
			isa = PBXResourcesBuildPhase;
			buildActionMask = 2147483647;
			files = (
				5C3BE2081625F1760088A23B /* InfoPlist.strings in Resources */,
				5C3BE2101625F1760088A23B /* Default.png in Resources */,
				5C3BE2121625F1760088A23B /* Default@2x.png in Resources */,
				5C3BE2141625F1760088A23B /* Default-568h@2x.png in Resources */,
				5C3BE21F1625F8F20088A23B /* countries.plist in Resources */,
			);
			runOnlyForDeploymentPostprocessing = 0;
		};
/* End PBXResourcesBuildPhase section */

/* Begin PBXSourcesBuildPhase section */
		5C3BE1F51625F1750088A23B /* Sources */ = {
			isa = PBXSourcesBuildPhase;
			buildActionMask = 2147483647;
			files = (
				5C3BE20A1625F1760088A23B /* main.m in Sources */,
				5C3BE20E1625F1760088A23B /* AppDelegate.m in Sources */,
				5C3BE21C1625F1970088A23B /* PickerViewController.m in Sources */,
				5C6500D91626006200A3C365 /* Country.m in Sources */,
			);
			runOnlyForDeploymentPostprocessing = 0;
		};
/* End PBXSourcesBuildPhase section */

/* Begin PBXVariantGroup section */
		5C3BE2061625F1760088A23B /* InfoPlist.strings */ = {
			isa = PBXVariantGroup;
			children = (
				5C3BE2071625F1760088A23B /* en */,
			);
			name = InfoPlist.strings;
			sourceTree = "<group>";
		};
/* End PBXVariantGroup section */

/* Begin XCBuildConfiguration section */
		5C3BE2151625F1760088A23B /* Debug */ = {
			isa = XCBuildConfiguration;
			buildSettings = {
				ALWAYS_SEARCH_USER_PATHS = NO;
				CLANG_CXX_LANGUAGE_STANDARD = "gnu++0x";
				CLANG_CXX_LIBRARY = "libc++";
				CLANG_WARN_EMPTY_BODY = YES;
				CLANG_WARN__DUPLICATE_METHOD_MATCH = YES;
				"CODE_SIGN_IDENTITY[sdk=iphoneos*]" = "iPhone Developer";
				COPY_PHASE_STRIP = NO;
				GCC_C_LANGUAGE_STANDARD = gnu99;
				GCC_DYNAMIC_NO_PIC = NO;
				GCC_OPTIMIZATION_LEVEL = 0;
				GCC_PREPROCESSOR_DEFINITIONS = (
					"DEBUG=1",
					"$(inherited)",
				);
				GCC_SYMBOLS_PRIVATE_EXTERN = NO;
				GCC_WARN_ABOUT_RETURN_TYPE = YES;
				GCC_WARN_UNINITIALIZED_AUTOS = YES;
				GCC_WARN_UNUSED_VARIABLE = YES;
				IPHONEOS_DEPLOYMENT_TARGET = 6.0;
				SDKROOT = iphoneos;
				TARGETED_DEVICE_FAMILY = "1,2";
			};
			name = Debug;
		};
		5C3BE2161625F1760088A23B /* Release */ = {
			isa = XCBuildConfiguration;
			buildSettings = {
				ALWAYS_SEARCH_USER_PATHS = NO;
				CLANG_CXX_LANGUAGE_STANDARD = "gnu++0x";
				CLANG_CXX_LIBRARY = "libc++";
				CLANG_WARN_EMPTY_BODY = YES;
				CLANG_WARN__DUPLICATE_METHOD_MATCH = YES;
				"CODE_SIGN_IDENTITY[sdk=iphoneos*]" = "iPhone Developer";
				COPY_PHASE_STRIP = YES;
				GCC_C_LANGUAGE_STANDARD = gnu99;
				GCC_WARN_ABOUT_RETURN_TYPE = YES;
				GCC_WARN_UNINITIALIZED_AUTOS = YES;
				GCC_WARN_UNUSED_VARIABLE = YES;
				IPHONEOS_DEPLOYMENT_TARGET = 6.0;
				OTHER_CFLAGS = "-DNS_BLOCK_ASSERTIONS=1";
				SDKROOT = iphoneos;
				TARGETED_DEVICE_FAMILY = "1,2";
				VALIDATE_PRODUCT = YES;
			};
			name = Release;
		};
		5C3BE2181625F1760088A23B /* Debug */ = {
			isa = XCBuildConfiguration;
			buildSettings = {
				GCC_PRECOMPILE_PREFIX_HEADER = YES;
				GCC_PREFIX_HEADER = "pickerdemo/pickerdemo-Prefix.pch";
				INFOPLIST_FILE = "pickerdemo/pickerdemo-Info.plist";
				PRODUCT_NAME = "$(TARGET_NAME)";
				WRAPPER_EXTENSION = app;
			};
			name = Debug;
		};
		5C3BE2191625F1760088A23B /* Release */ = {
			isa = XCBuildConfiguration;
			buildSettings = {
				GCC_PRECOMPILE_PREFIX_HEADER = YES;
				GCC_PREFIX_HEADER = "pickerdemo/pickerdemo-Prefix.pch";
				INFOPLIST_FILE = "pickerdemo/pickerdemo-Info.plist";
				PRODUCT_NAME = "$(TARGET_NAME)";
				WRAPPER_EXTENSION = app;
			};
			name = Release;
		};
/* End XCBuildConfiguration section */

/* Begin XCConfigurationList section */
		5C3BE1F31625F1750088A23B /* Build configuration list for PBXProject "pickerdemo" */ = {
			isa = XCConfigurationList;
			buildConfigurations = (
				5C3BE2151625F1760088A23B /* Debug */,
				5C3BE2161625F1760088A23B /* Release */,
			);
			defaultConfigurationIsVisible = 0;
			defaultConfigurationName = Release;
		};
		5C3BE2171625F1760088A23B /* Build configuration list for PBXNativeTarget "pickerdemo" */ = {
			isa = XCConfigurationList;
			buildConfigurations = (
				5C3BE2181625F1760088A23B /* Debug */,
				5C3BE2191625F1760088A23B /* Release */,
			);
			defaultConfigurationIsVisible = 0;
			defaultConfigurationName = Release;
		};
/* End XCConfigurationList section */
	};
	rootObject = 5C3BE1F01625F1750088A23B /* Project object */;
}
